{
  "requires": true,
  "lockfileVersion": 1,
  "dependencies": {
    "@happones/nativescript-image-zoom": {
      "version": "4.0.2",
      "resolved": "https://registry.npmjs.org/@happones/nativescript-image-zoom/-/nativescript-image-zoom-4.0.2.tgz",
      "integrity": "sha512-CcrRxp5lF+LMHAyTyuvaJ9/HRGNnX1pxSUg5ugBrJfSjAF9BgiSKQMiE6GuQ7zXHPmwYGpAUirQRz0Z2mQ5GRA=="
    },
    "nativescript-social-share": {
      "version": "1.6.0",
      "resolved": "https://registry.npmjs.org/nativescript-social-share/-/nativescript-social-share-1.6.0.tgz",
      "integrity": "sha512-PjSMseCWPGJbW0KPMgQBiTQke6I8cYxf0CGXtuJ0BnRhXrEjF3d+3kAnI8E3O8PeW/BFwNIqLYG4fkoQF4obyA=="
    }
  }
}
